// !$*UTF8*$!
{
	archiveVersion = 1;
	classes = {
	};
	objectVersion = 50;
	objects = {

/* Begin PBXBuildFile section */
		25933D632187601500537E1D /* CalculateTextFrameViewController.swift in Sources */ = {isa = PBXBuildFile; fileRef = 25933D622187601500537E1D /* CalculateTextFrameViewController.swift */; };
		25933D66218763C900537E1D /* CanPerformSegueExtension.swift in Sources */ = {isa = PBXBuildFile; fileRef = 25933D65218763C900537E1D /* CanPerformSegueExtension.swift */; };
		25AF1146210F5D60004B65DF /* SnapKit.framework in Frameworks */ = {isa = PBXBuildFile; fileRef = 7B3ACE80210994EF003831C3 /* SnapKit.framework */; };
		7B3ACE6621096287003831C3 /* AppDelegate.swift in Sources */ = {isa = PBXBuildFile; fileRef = 7B3ACE6521096287003831C3 /* AppDelegate.swift */; };
		7B3ACE6821096287003831C3 /* ViewController.swift in Sources */ = {isa = PBXBuildFile; fileRef = 7B3ACE6721096287003831C3 /* ViewController.swift */; };
		7B3ACE6B21096287003831C3 /* Main.storyboard in Resources */ = {isa = PBXBuildFile; fileRef = 7B3ACE6921096287003831C3 /* Main.storyboard */; };
		7B3ACE6D21096289003831C3 /* Assets.xcassets in Resources */ = {isa = PBXBuildFile; fileRef = 7B3ACE6C21096289003831C3 /* Assets.xcassets */; };
		7B3ACE7021096289003831C3 /* LaunchScreen.storyboard in Resources */ = {isa = PBXBuildFile; fileRef = 7B3ACE6E21096289003831C3 /* LaunchScreen.storyboard */; };
		7B3ACE7A21096815003831C3 /* CustomNavigationBarBackItemViewController.swift in Sources */ = {isa = PBXBuildFile; fileRef = 7B3ACE7921096815003831C3 /* CustomNavigationBarBackItemViewController.swift */; };
		7B3ACE7C21096EFB003831C3 /* BaseViewController.swift in Sources */ = {isa = PBXBuildFile; fileRef = 7B3ACE7B21096EFB003831C3 /* BaseViewController.swift */; };
		7B3ACE7E2109716C003831C3 /* CnbbiSubViewController1.swift in Sources */ = {isa = PBXBuildFile; fileRef = 7B3ACE7D2109716C003831C3 /* CnbbiSubViewController1.swift */; };
		7B3ACE8421099C74003831C3 /* CustomNavigationBarItemNavigationController.swift in Sources */ = {isa = PBXBuildFile; fileRef = 7B3ACE8321099C74003831C3 /* CustomNavigationBarItemNavigationController.swift */; };
		7B3ACE862109AC27003831C3 /* CnbbiSubViewController2.swift in Sources */ = {isa = PBXBuildFile; fileRef = 7B3ACE852109AC27003831C3 /* CnbbiSubViewController2.swift */; };
		7B6550372110526300FEC9A5 /* UINavigationController+ScrollViewPopGesture.swift in Sources */ = {isa = PBXBuildFile; fileRef = 7B6550362110526300FEC9A5 /* UINavigationController+ScrollViewPopGesture.swift */; };
/* End PBXBuildFile section */

/* Begin PBXFileReference section */
		25933D622187601500537E1D /* CalculateTextFrameViewController.swift */ = {isa = PBXFileReference; lastKnownFileType = sourcecode.swift; path = CalculateTextFrameViewController.swift; sourceTree = "<group>"; };
		25933D65218763C900537E1D /* CanPerformSegueExtension.swift */ = {isa = PBXFileReference; lastKnownFileType = sourcecode.swift; path = CanPerformSegueExtension.swift; sourceTree = "<group>"; };
		7B3ACE6221096287003831C3 /* BlogDemoProject.app */ = {isa = PBXFileReference; explicitFileType = wrapper.application; includeInIndex = 0; path = BlogDemoProject.app; sourceTree = BUILT_PRODUCTS_DIR; };
		7B3ACE6521096287003831C3 /* AppDelegate.swift */ = {isa = PBXFileReference; lastKnownFileType = sourcecode.swift; path = AppDelegate.swift; sourceTree = "<group>"; };
		7B3ACE6721096287003831C3 /* ViewController.swift */ = {isa = PBXFileReference; lastKnownFileType = sourcecode.swift; path = ViewController.swift; sourceTree = "<group>"; };
		7B3ACE6A21096287003831C3 /* Base */ = {isa = PBXFileReference; lastKnownFileType = file.storyboard; name = Base; path = Base.lproj/Main.storyboard; sourceTree = "<group>"; };
		7B3ACE6C21096289003831C3 /* Assets.xcassets */ = {isa = PBXFileReference; lastKnownFileType = folder.assetcatalog; path = Assets.xcassets; sourceTree = "<group>"; };
		7B3ACE6F21096289003831C3 /* Base */ = {isa = PBXFileReference; lastKnownFileType = file.storyboard; name = Base; path = Base.lproj/LaunchScreen.storyboard; sourceTree = "<group>"; };
		7B3ACE7121096289003831C3 /* Info.plist */ = {isa = PBXFileReference; lastKnownFileType = text.plist.xml; path = Info.plist; sourceTree = "<group>"; };
		7B3ACE7921096815003831C3 /* CustomNavigationBarBackItemViewController.swift */ = {isa = PBXFileReference; lastKnownFileType = sourcecode.swift; path = CustomNavigationBarBackItemViewController.swift; sourceTree = "<group>"; };
		7B3ACE7B21096EFB003831C3 /* BaseViewController.swift */ = {isa = PBXFileReference; lastKnownFileType = sourcecode.swift; path = BaseViewController.swift; sourceTree = "<group>"; };
		7B3ACE7D2109716C003831C3 /* CnbbiSubViewController1.swift */ = {isa = PBXFileReference; lastKnownFileType = sourcecode.swift; path = CnbbiSubViewController1.swift; sourceTree = "<group>"; };
		7B3ACE80210994EF003831C3 /* SnapKit.framework */ = {isa = PBXFileReference; lastKnownFileType = wrapper.framework; name = SnapKit.framework; path = Carthage/Build/iOS/SnapKit.framework; sourceTree = "<group>"; };
		7B3ACE8321099C74003831C3 /* CustomNavigationBarItemNavigationController.swift */ = {isa = PBXFileReference; lastKnownFileType = sourcecode.swift; path = CustomNavigationBarItemNavigationController.swift; sourceTree = "<group>"; };
		7B3ACE852109AC27003831C3 /* CnbbiSubViewController2.swift */ = {isa = PBXFileReference; lastKnownFileType = sourcecode.swift; path = CnbbiSubViewController2.swift; sourceTree = "<group>"; };
		7B6550362110526300FEC9A5 /* UINavigationController+ScrollViewPopGesture.swift */ = {isa = PBXFileReference; fileEncoding = 4; lastKnownFileType = sourcecode.swift; path = "UINavigationController+ScrollViewPopGesture.swift"; sourceTree = "<group>"; };
/* End PBXFileReference section */

/* Begin PBXFrameworksBuildPhase section */
		7B3ACE5F21096286003831C3 /* Frameworks */ = {
			isa = PBXFrameworksBuildPhase;
			buildActionMask = 2147483647;
			files = (
				25AF1146210F5D60004B65DF /* SnapKit.framework in Frameworks */,
			);
			runOnlyForDeploymentPostprocessing = 0;
		};
/* End PBXFrameworksBuildPhase section */

/* Begin PBXGroup section */
		25933D6121875FDC00537E1D /* CalculateTextFrame */ = {
			isa = PBXGroup;
			children = (
				25933D622187601500537E1D /* CalculateTextFrameViewController.swift */,
			);
			path = CalculateTextFrame;
			sourceTree = "<group>";
		};
		25933D642187639D00537E1D /* Extensions */ = {
			isa = PBXGroup;
			children = (
				25933D65218763C900537E1D /* CanPerformSegueExtension.swift */,
			);
			path = Extensions;
			sourceTree = "<group>";
		};
		7B3ACE5921096286003831C3 = {
			isa = PBXGroup;
			children = (
				7B3ACE6421096287003831C3 /* BlogDemoProject */,
				7B3ACE6321096287003831C3 /* Products */,
				7B3ACE7F210994EF003831C3 /* Frameworks */,
			);
			sourceTree = "<group>";
		};
		7B3ACE6321096287003831C3 /* Products */ = {
			isa = PBXGroup;
			children = (
				7B3ACE6221096287003831C3 /* BlogDemoProject.app */,
			);
			name = Products;
			sourceTree = "<group>";
		};
		7B3ACE6421096287003831C3 /* BlogDemoProject */ = {
			isa = PBXGroup;
			children = (
				7B3ACE77210967AB003831C3 /* ViewControllers */,
				7B3ACE6521096287003831C3 /* AppDelegate.swift */,
				7B3ACE6721096287003831C3 /* ViewController.swift */,
				7B3ACE6921096287003831C3 /* Main.storyboard */,
				7B3ACE6C21096289003831C3 /* Assets.xcassets */,
				7B3ACE6E21096289003831C3 /* LaunchScreen.storyboard */,
				7B3ACE7121096289003831C3 /* Info.plist */,
			);
			path = BlogDemoProject;
			sourceTree = "<group>";
		};
		7B3ACE77210967AB003831C3 /* ViewControllers */ = {
			isa = PBXGroup;
			children = (
				25933D642187639D00537E1D /* Extensions */,
				25933D6121875FDC00537E1D /* CalculateTextFrame */,
				7B3ACE78210967D2003831C3 /* CustomNavigationBarBackItem */,
				7B3ACE7B21096EFB003831C3 /* BaseViewController.swift */,
			);
			path = ViewControllers;
			sourceTree = "<group>";
		};
		7B3ACE78210967D2003831C3 /* CustomNavigationBarBackItem */ = {
			isa = PBXGroup;
			children = (
				7B3ACE8321099C74003831C3 /* CustomNavigationBarItemNavigationController.swift */,
				7B3ACE7921096815003831C3 /* CustomNavigationBarBackItemViewController.swift */,
				7B3ACE7D2109716C003831C3 /* CnbbiSubViewController1.swift */,
				7B3ACE852109AC27003831C3 /* CnbbiSubViewController2.swift */,
				7B6550362110526300FEC9A5 /* UINavigationController+ScrollViewPopGesture.swift */,
			);
			path = CustomNavigationBarBackItem;
			sourceTree = "<group>";
		};
		7B3ACE7F210994EF003831C3 /* Frameworks */ = {
			isa = PBXGroup;
			children = (
				7B3ACE80210994EF003831C3 /* SnapKit.framework */,
			);
			name = Frameworks;
			sourceTree = "<group>";
		};
/* End PBXGroup section */

/* Begin PBXNativeTarget section */
		7B3ACE6121096286003831C3 /* BlogDemoProject */ = {
			isa = PBXNativeTarget;
			buildConfigurationList = 7B3ACE7421096289003831C3 /* Build configuration list for PBXNativeTarget "BlogDemoProject" */;
			buildPhases = (
				7B3ACE5E21096286003831C3 /* Sources */,
				7B3ACE5F21096286003831C3 /* Frameworks */,
				7B3ACE6021096286003831C3 /* Resources */,
				7B3ACE822109983B003831C3 /* ShellScript */,
			);
			buildRules = (
			);
			dependencies = (
			);
			name = BlogDemoProject;
			productName = BlogDemoProject;
			productReference = 7B3ACE6221096287003831C3 /* BlogDemoProject.app */;
			productType = "com.apple.product-type.application";
		};
/* End PBXNativeTarget section */

/* Begin PBXProject section */
		7B3ACE5A21096286003831C3 /* Project object */ = {
			isa = PBXProject;
			attributes = {
				LastSwiftUpdateCheck = 0940;
				LastUpgradeCheck = 0940;
				ORGANIZATIONNAME = dev;
				TargetAttributes = {
					7B3ACE6121096286003831C3 = {
						CreatedOnToolsVersion = 9.4.1;
					};
				};
			};
			buildConfigurationList = 7B3ACE5D21096286003831C3 /* Build configuration list for PBXProject "BlogDemoProject" */;
			compatibilityVersion = "Xcode 9.3";
			developmentRegion = en;
			hasScannedForEncodings = 0;
			knownRegions = (
				en,
				Base,
			);
			mainGroup = 7B3ACE5921096286003831C3;
			productRefGroup = 7B3ACE6321096287003831C3 /* Products */;
			projectDirPath = "";
			projectRoot = "";
			targets = (
				7B3ACE6121096286003831C3 /* BlogDemoProject */,
			);
		};
/* End PBXProject section */

/* Begin PBXResourcesBuildPhase section */
		7B3ACE6021096286003831C3 /* Resources */ = {
			isa = PBXResourcesBuildPhase;
			buildActionMask = 2147483647;
			files = (
				7B3ACE7021096289003831C3 /* LaunchScreen.storyboard in Resources */,
				7B3ACE6D21096289003831C3 /* Assets.xcassets in Resources */,
				7B3ACE6B21096287003831C3 /* Main.storyboard in Resources */,
			);
			runOnlyForDeploymentPostprocessing = 0;
		};
/* End PBXResourcesBuildPhase section */

/* Begin PBXShellScriptBuildPhase section */
		7B3ACE822109983B003831C3 /* ShellScript */ = {
			isa = PBXShellScriptBuildPhase;
			buildActionMask = 2147483647;
			files = (
			);
			inputPaths = (
				"$(SRCROOT)/Carthage/Build/iOS/SnapKit.framework",
			);
			outputPaths = (
			);
			runOnlyForDeploymentPostprocessing = 0;
			shellPath = /bin/sh;
			shellScript = "/usr/local/bin/carthage copy-frameworks";
		};
/* End PBXShellScriptBuildPhase section */

/* Begin PBXSourcesBuildPhase section */
		7B3ACE5E21096286003831C3 /* Sources */ = {
			isa = PBXSourcesBuildPhase;
			buildActionMask = 2147483647;
			files = (
				7B3ACE6821096287003831C3 /* ViewController.swift in Sources */,
				25933D632187601500537E1D /* CalculateTextFrameViewController.swift in Sources */,
				7B3ACE7E2109716C003831C3 /* CnbbiSubViewController1.swift in Sources */,
				7B3ACE7C21096EFB003831C3 /* BaseViewController.swift in Sources */,
				7B3ACE862109AC27003831C3 /* CnbbiSubViewController2.swift in Sources */,
				7B3ACE8421099C74003831C3 /* CustomNavigationBarItemNavigationController.swift in Sources */,
				25933D66218763C900537E1D /* CanPerformSegueExtension.swift in Sources */,
				7B6550372110526300FEC9A5 /* UINavigationController+ScrollViewPopGesture.swift in Sources */,
				7B3ACE6621096287003831C3 /* AppDelegate.swift in Sources */,
				7B3ACE7A21096815003831C3 /* CustomNavigationBarBackItemViewController.swift in Sources */,
			);
			runOnlyForDeploymentPostprocessing = 0;
		};
/* End PBXSourcesBuildPhase section */

/* Begin PBXVariantGroup section */
		7B3ACE6921096287003831C3 /* Main.storyboard */ = {
			isa = PBXVariantGroup;
			children = (
				7B3ACE6A21096287003831C3 /* Base */,
			);
			name = Main.storyboard;
			sourceTree = "<group>";
		};
		7B3ACE6E21096289003831C3 /* LaunchScreen.storyboard */ = {
			isa = PBXVariantGroup;
			children = (
				7B3ACE6F21096289003831C3 /* Base */,
			);
			name = LaunchScreen.storyboard;
			sourceTree = "<group>";
		};
/* End PBXVariantGroup section */

/* Begin XCBuildConfiguration section */
		7B3ACE7221096289003831C3 /* Debug */ = {
			isa = XCBuildConfiguration;
			buildSettings = {
				ALWAYS_SEARCH_USER_PATHS = NO;
				CLANG_ANALYZER_NONNULL = YES;
				CLANG_ANALYZER_NUMBER_OBJECT_CONVERSION = YES_AGGRESSIVE;
				CLANG_CXX_LANGUAGE_STANDARD = "gnu++14";
				CLANG_CXX_LIBRARY = "libc++";
				CLANG_ENABLE_MODULES = YES;
				CLANG_ENABLE_OBJC_ARC = YES;
				CLANG_ENABLE_OBJC_WEAK = YES;
				CLANG_WARN_BLOCK_CAPTURE_AUTORELEASING = YES;
				CLANG_WARN_BOOL_CONVERSION = YES;
				CLANG_WARN_COMMA = YES;
				CLANG_WARN_CONSTANT_CONVERSION = YES;
				CLANG_WARN_DEPRECATED_OBJC_IMPLEMENTATIONS = YES;
				CLANG_WARN_DIRECT_OBJC_ISA_USAGE = YES_ERROR;
				CLANG_WARN_DOCUMENTATION_COMMENTS = YES;
				CLANG_WARN_EMPTY_BODY = YES;
				CLANG_WARN_ENUM_CONVERSION = YES;
				CLANG_WARN_INFINITE_RECURSION = YES;
				CLANG_WARN_INT_CONVERSION = YES;
				CLANG_WARN_NON_LITERAL_NULL_CONVERSION = YES;
				CLANG_WARN_OBJC_IMPLICIT_RETAIN_SELF = YES;
				CLANG_WARN_OBJC_LITERAL_CONVERSION = YES;
				CLANG_WARN_OBJC_ROOT_CLASS = YES_ERROR;
				CLANG_WARN_RANGE_LOOP_ANALYSIS = YES;
				CLANG_WARN_STRICT_PROTOTYPES = YES;
				CLANG_WARN_SUSPICIOUS_MOVE = YES;
				CLANG_WARN_UNGUARDED_AVAILABILITY = YES_AGGRESSIVE;
				CLANG_WARN_UNREACHABLE_CODE = YES;
				CLANG_WARN__DUPLICATE_METHOD_MATCH = YES;
				CODE_SIGN_IDENTITY = "iPhone Developer";
				COPY_PHASE_STRIP = NO;
				DEBUG_INFORMATION_FORMAT = dwarf;
				ENABLE_STRICT_OBJC_MSGSEND = YES;
				ENABLE_TESTABILITY = YES;
				GCC_C_LANGUAGE_STANDARD = gnu11;
				GCC_DYNAMIC_NO_PIC = NO;
				GCC_NO_COMMON_BLOCKS = YES;
				GCC_OPTIMIZATION_LEVEL = 0;
				GCC_PREPROCESSOR_DEFINITIONS = (
					"DEBUG=1",
					"$(inherited)",
				);
				GCC_WARN_64_TO_32_BIT_CONVERSION = YES;
				GCC_WARN_ABOUT_RETURN_TYPE = YES_ERROR;
				GCC_WARN_UNDECLARED_SELECTOR = YES;
				GCC_WARN_UNINITIALIZED_AUTOS = YES_AGGRESSIVE;
				GCC_WARN_UNUSED_FUNCTION = YES;
				GCC_WARN_UNUSED_VARIABLE = YES;
				IPHONEOS_DEPLOYMENT_TARGET = 11.4;
				MTL_ENABLE_DEBUG_INFO = YES;
				ONLY_ACTIVE_ARCH = YES;
				SDKROOT = iphoneos;
				SWIFT_ACTIVE_COMPILATION_CONDITIONS = DEBUG;
				SWIFT_OPTIMIZATION_LEVEL = "-Onone";
			};
			name = Debug;
		};
		7B3ACE7321096289003831C3 /* Release */ = {
			isa = XCBuildConfiguration;
			buildSettings = {
				ALWAYS_SEARCH_USER_PATHS = NO;
				CLANG_ANALYZER_NONNULL = YES;
				CLANG_ANALYZER_NUMBER_OBJECT_CONVERSION = YES_AGGRESSIVE;
				CLANG_CXX_LANGUAGE_STANDARD = "gnu++14";
				CLANG_CXX_LIBRARY = "libc++";
				CLANG_ENABLE_MODULES = YES;
				CLANG_ENABLE_OBJC_ARC = YES;
				CLANG_ENABLE_OBJC_WEAK = YES;
				CLANG_WARN_BLOCK_CAPTURE_AUTORELEASING = YES;
				CLANG_WARN_BOOL_CONVERSION = YES;
				CLANG_WARN_COMMA = YES;
				CLANG_WARN_CONSTANT_CONVERSION = YES;
				CLANG_WARN_DEPRECATED_OBJC_IMPLEMENTATIONS = YES;
				CLANG_WARN_DIRECT_OBJC_ISA_USAGE = YES_ERROR;
				CLANG_WARN_DOCUMENTATION_COMMENTS = YES;
				CLANG_WARN_EMPTY_BODY = YES;
				CLANG_WARN_ENUM_CONVERSION = YES;
				CLANG_WARN_INFINITE_RECURSION = YES;
				CLANG_WARN_INT_CONVERSION = YES;
				CLANG_WARN_NON_LITERAL_NULL_CONVERSION = YES;
				CLANG_WARN_OBJC_IMPLICIT_RETAIN_SELF = YES;
				CLANG_WARN_OBJC_LITERAL_CONVERSION = YES;
				CLANG_WARN_OBJC_ROOT_CLASS = YES_ERROR;
				CLANG_WARN_RANGE_LOOP_ANALYSIS = YES;
				CLANG_WARN_STRICT_PROTOTYPES = YES;
				CLANG_WARN_SUSPICIOUS_MOVE = YES;
				CLANG_WARN_UNGUARDED_AVAILABILITY = YES_AGGRESSIVE;
				CLANG_WARN_UNREACHABLE_CODE = YES;
				CLANG_WARN__DUPLICATE_METHOD_MATCH = YES;
				CODE_SIGN_IDENTITY = "iPhone Developer";
				COPY_PHASE_STRIP = NO;
				DEBUG_INFORMATION_FORMAT = "dwarf-with-dsym";
				ENABLE_NS_ASSERTIONS = NO;
				ENABLE_STRICT_OBJC_MSGSEND = YES;
				GCC_C_LANGUAGE_STANDARD = gnu11;
				GCC_NO_COMMON_BLOCKS = YES;
				GCC_WARN_64_TO_32_BIT_CONVERSION = YES;
				GCC_WARN_ABOUT_RETURN_TYPE = YES_ERROR;
				GCC_WARN_UNDECLARED_SELECTOR = YES;
				GCC_WARN_UNINITIALIZED_AUTOS = YES_AGGRESSIVE;
				GCC_WARN_UNUSED_FUNCTION = YES;
				GCC_WARN_UNUSED_VARIABLE = YES;
				IPHONEOS_DEPLOYMENT_TARGET = 11.4;
				MTL_ENABLE_DEBUG_INFO = NO;
				SDKROOT = iphoneos;
				SWIFT_COMPILATION_MODE = wholemodule;
				SWIFT_OPTIMIZATION_LEVEL = "-O";
				VALIDATE_PRODUCT = YES;
			};
			name = Release;
		};
		7B3ACE7521096289003831C3 /* Debug */ = {
			isa = XCBuildConfiguration;
			buildSettings = {
				ASSETCATALOG_COMPILER_APPICON_NAME = AppIcon;
				CODE_SIGN_STYLE = Manual;
				DEVELOPMENT_TEAM = "";
				FRAMEWORK_SEARCH_PATHS = (
					"$(inherited)",
					"$(PROJECT_DIR)/Carthage/Build/iOS",
				);
				INFOPLIST_FILE = BlogDemoProject/Info.plist;
				IPHONEOS_DEPLOYMENT_TARGET = 9.0;
				LD_RUNPATH_SEARCH_PATHS = (
					"$(inherited)",
					"@executable_path/Frameworks",
				);
				PRODUCT_BUNDLE_IDENTIFIER = dev.qin.BlogDemoProject;
				PRODUCT_NAME = "$(TARGET_NAME)";
				PROVISIONING_PROFILE_SPECIFIER = "";
				SWIFT_VERSION = 4.2;
				TARGETED_DEVICE_FAMILY = "1,2";
			};
			name = Debug;
		};
		7B3ACE7621096289003831C3 /* Release */ = {
			isa = XCBuildConfiguration;
			buildSettings = {
				ASSETCATALOG_COMPILER_APPICON_NAME = AppIcon;
				CODE_SIGN_STYLE = Manual;
				DEVELOPMENT_TEAM = "";
				FRAMEWORK_SEARCH_PATHS = (
					"$(inherited)",
					"$(PROJECT_DIR)/Carthage/Build/iOS",
				);
				INFOPLIST_FILE = BlogDemoProject/Info.plist;
				IPHONEOS_DEPLOYMENT_TARGET = 9.0;
				LD_RUNPATH_SEARCH_PATHS = (
					"$(inherited)",
					"@executable_path/Frameworks",
				);
				PRODUCT_BUNDLE_IDENTIFIER = dev.qin.BlogDemoProject;
				PRODUCT_NAME = "$(TARGET_NAME)";
				PROVISIONING_PROFILE_SPECIFIER = "";
				SWIFT_VERSION = 4.2;
				TARGETED_DEVICE_FAMILY = "1,2";
			};
			name = Release;
		};
/* End XCBuildConfiguration section */

/* Begin XCConfigurationList section */
		7B3ACE5D21096286003831C3 /* Build configuration list for PBXProject "BlogDemoProject" */ = {
			isa = XCConfigurationList;
			buildConfigurations = (
				7B3ACE7221096289003831C3 /* Debug */,
				7B3ACE7321096289003831C3 /* Release */,
			);
			defaultConfigurationIsVisible = 0;
			defaultConfigurationName = Release;
		};
		7B3ACE7421096289003831C3 /* Build configuration list for PBXNativeTarget "BlogDemoProject" */ = {
			isa = XCConfigurationList;
			buildConfigurations = (
				7B3ACE7521096289003831C3 /* Debug */,
				7B3ACE7621096289003831C3 /* Release */,
			);
			defaultConfigurationIsVisible = 0;
			defaultConfigurationName = Release;
		};
/* End XCConfigurationList section */
	};
	rootObject = 7B3ACE5A21096286003831C3 /* Project object */;
}
